// !$*UTF8*$!
{
	archiveVersion = 1;
	classes = {
	};
	objectVersion = 55;
	objects = {

/* Begin PBXBuildFile section */
		06E90A7433EF6324BF73FB68 /* Pods_Skewy.framework in Frameworks */ = {isa = PBXBuildFile; fileRef = 286A916041F06254CD6FCA4F /* Pods_Skewy.framework */; };
		3F80D868292451D20058722E /* AppDelegate.swift in Sources */ = {isa = PBXBuildFile; fileRef = 3F80D867292451D20058722E /* AppDelegate.swift */; };
		3F80D86A292451D20058722E /* SceneDelegate.swift in Sources */ = {isa = PBXBuildFile; fileRef = 3F80D869292451D20058722E /* SceneDelegate.swift */; };
		3F80D86C292451D20058722E /* ViewController.swift in Sources */ = {isa = PBXBuildFile; fileRef = 3F80D86B292451D20058722E /* ViewController.swift */; };
		3F80D86F292451D20058722E /* Main.storyboard in Resources */ = {isa = PBXBuildFile; fileRef = 3F80D86D292451D20058722E /* Main.storyboard */; };
		3F80D871292451D40058722E /* Assets.xcassets in Resources */ = {isa = PBXBuildFile; fileRef = 3F80D870292451D40058722E /* Assets.xcassets */; };
		3F80D874292451D40058722E /* LaunchScreen.storyboard in Resources */ = {isa = PBXBuildFile; fileRef = 3F80D872292451D40058722E /* LaunchScreen.storyboard */; };
		3F80D87F292451D40058722E /* SkewyTests.swift in Sources */ = {isa = PBXBuildFile; fileRef = 3F80D87E292451D40058722E /* SkewyTests.swift */; };
		3F80D889292451D40058722E /* SkewyUITests.swift in Sources */ = {isa = PBXBuildFile; fileRef = 3F80D888292451D40058722E /* SkewyUITests.swift */; };
		3F80D88B292451D40058722E /* SkewyUITestsLaunchTests.swift in Sources */ = {isa = PBXBuildFile; fileRef = 3F80D88A292451D40058722E /* SkewyUITestsLaunchTests.swift */; };
		3F80D898292461CB0058722E /* LogInViewController.swift in Sources */ = {isa = PBXBuildFile; fileRef = 3F80D897292461CB0058722E /* LogInViewController.swift */; };
		739DB4FD528ABC51C14E678F /* Pods_Skewy_SkewyUITests.framework in Frameworks */ = {isa = PBXBuildFile; fileRef = 7FE0FB5AEF062D325CDBA01E /* Pods_Skewy_SkewyUITests.framework */; };
		BFED6BFE4109A5F75FDB59FE /* Pods_SkewyTests.framework in Frameworks */ = {isa = PBXBuildFile; fileRef = 348C3A0AEC31E52AFE991877 /* Pods_SkewyTests.framework */; };
/* End PBXBuildFile section */

/* Begin PBXContainerItemProxy section */
		3F80D87B292451D40058722E /* PBXContainerItemProxy */ = {
			isa = PBXContainerItemProxy;
			containerPortal = 3F80D85C292451D20058722E /* Project object */;
			proxyType = 1;
			remoteGlobalIDString = 3F80D863292451D20058722E;
			remoteInfo = Skewy;
		};
		3F80D885292451D40058722E /* PBXContainerItemProxy */ = {
			isa = PBXContainerItemProxy;
			containerPortal = 3F80D85C292451D20058722E /* Project object */;
			proxyType = 1;
			remoteGlobalIDString = 3F80D863292451D20058722E;
			remoteInfo = Skewy;
		};
/* End PBXContainerItemProxy section */

/* Begin PBXFileReference section */
		286A916041F06254CD6FCA4F /* Pods_Skewy.framework */ = {isa = PBXFileReference; explicitFileType = wrapper.framework; includeInIndex = 0; path = Pods_Skewy.framework; sourceTree = BUILT_PRODUCTS_DIR; };
		348C3A0AEC31E52AFE991877 /* Pods_SkewyTests.framework */ = {isa = PBXFileReference; explicitFileType = wrapper.framework; includeInIndex = 0; path = Pods_SkewyTests.framework; sourceTree = BUILT_PRODUCTS_DIR; };
		3F80D864292451D20058722E /* Skewy.app */ = {isa = PBXFileReference; explicitFileType = wrapper.application; includeInIndex = 0; path = Skewy.app; sourceTree = BUILT_PRODUCTS_DIR; };
		3F80D867292451D20058722E /* AppDelegate.swift */ = {isa = PBXFileReference; lastKnownFileType = sourcecode.swift; path = AppDelegate.swift; sourceTree = "<group>"; };
		3F80D869292451D20058722E /* SceneDelegate.swift */ = {isa = PBXFileReference; lastKnownFileType = sourcecode.swift; path = SceneDelegate.swift; sourceTree = "<group>"; };
		3F80D86B292451D20058722E /* ViewController.swift */ = {isa = PBXFileReference; lastKnownFileType = sourcecode.swift; path = ViewController.swift; sourceTree = "<group>"; };
		3F80D86E292451D20058722E /* Base */ = {isa = PBXFileReference; lastKnownFileType = file.storyboard; name = Base; path = Base.lproj/Main.storyboard; sourceTree = "<group>"; };
		3F80D870292451D40058722E /* Assets.xcassets */ = {isa = PBXFileReference; lastKnownFileType = folder.assetcatalog; path = Assets.xcassets; sourceTree = "<group>"; };
		3F80D873292451D40058722E /* Base */ = {isa = PBXFileReference; lastKnownFileType = file.storyboard; name = Base; path = Base.lproj/LaunchScreen.storyboard; sourceTree = "<group>"; };
		3F80D875292451D40058722E /* Info.plist */ = {isa = PBXFileReference; lastKnownFileType = text.plist.xml; path = Info.plist; sourceTree = "<group>"; };
		3F80D87A292451D40058722E /* SkewyTests.xctest */ = {isa = PBXFileReference; explicitFileType = wrapper.cfbundle; includeInIndex = 0; path = SkewyTests.xctest; sourceTree = BUILT_PRODUCTS_DIR; };
		3F80D87E292451D40058722E /* SkewyTests.swift */ = {isa = PBXFileReference; lastKnownFileType = sourcecode.swift; path = SkewyTests.swift; sourceTree = "<group>"; };
		3F80D884292451D40058722E /* SkewyUITests.xctest */ = {isa = PBXFileReference; explicitFileType = wrapper.cfbundle; includeInIndex = 0; path = SkewyUITests.xctest; sourceTree = BUILT_PRODUCTS_DIR; };
		3F80D888292451D40058722E /* SkewyUITests.swift */ = {isa = PBXFileReference; lastKnownFileType = sourcecode.swift; path = SkewyUITests.swift; sourceTree = "<group>"; };
		3F80D88A292451D40058722E /* SkewyUITestsLaunchTests.swift */ = {isa = PBXFileReference; lastKnownFileType = sourcecode.swift; path = SkewyUITestsLaunchTests.swift; sourceTree = "<group>"; };
		3F80D897292461CB0058722E /* LogInViewController.swift */ = {isa = PBXFileReference; lastKnownFileType = sourcecode.swift; path = LogInViewController.swift; sourceTree = "<group>"; };
		5E4375EDFCFC968F694F8215 /* Pods-Skewy-SkewyUITests.debug.xcconfig */ = {isa = PBXFileReference; includeInIndex = 1; lastKnownFileType = text.xcconfig; name = "Pods-Skewy-SkewyUITests.debug.xcconfig"; path = "Target Support Files/Pods-Skewy-SkewyUITests/Pods-Skewy-SkewyUITests.debug.xcconfig"; sourceTree = "<group>"; };
		61D055AC47DAB51895AAD1A2 /* Pods-SkewyTests.release.xcconfig */ = {isa = PBXFileReference; includeInIndex = 1; lastKnownFileType = text.xcconfig; name = "Pods-SkewyTests.release.xcconfig"; path = "Target Support Files/Pods-SkewyTests/Pods-SkewyTests.release.xcconfig"; sourceTree = "<group>"; };
		779E68FD03C8A21C1BE71C2C /* Pods-Skewy-SkewyUITests.release.xcconfig */ = {isa = PBXFileReference; includeInIndex = 1; lastKnownFileType = text.xcconfig; name = "Pods-Skewy-SkewyUITests.release.xcconfig"; path = "Target Support Files/Pods-Skewy-SkewyUITests/Pods-Skewy-SkewyUITests.release.xcconfig"; sourceTree = "<group>"; };
		7FE0FB5AEF062D325CDBA01E /* Pods_Skewy_SkewyUITests.framework */ = {isa = PBXFileReference; explicitFileType = wrapper.framework; includeInIndex = 0; path = Pods_Skewy_SkewyUITests.framework; sourceTree = BUILT_PRODUCTS_DIR; };
		92F2CC375CD8ED8CDF73432F /* Pods-Skewy.debug.xcconfig */ = {isa = PBXFileReference; includeInIndex = 1; lastKnownFileType = text.xcconfig; name = "Pods-Skewy.debug.xcconfig"; path = "Target Support Files/Pods-Skewy/Pods-Skewy.debug.xcconfig"; sourceTree = "<group>"; };
		B96BD453D34532993C346BB3 /* Pods-SkewyTests.debug.xcconfig */ = {isa = PBXFileReference; includeInIndex = 1; lastKnownFileType = text.xcconfig; name = "Pods-SkewyTests.debug.xcconfig"; path = "Target Support Files/Pods-SkewyTests/Pods-SkewyTests.debug.xcconfig"; sourceTree = "<group>"; };
		BDE3989191C2CCB23F31EEDC /* Pods-Skewy.release.xcconfig */ = {isa = PBXFileReference; includeInIndex = 1; lastKnownFileType = text.xcconfig; name = "Pods-Skewy.release.xcconfig"; path = "Target Support Files/Pods-Skewy/Pods-Skewy.release.xcconfig"; sourceTree = "<group>"; };
/* End PBXFileReference section */

/* Begin PBXFrameworksBuildPhase section */
		3F80D861292451D20058722E /* Frameworks */ = {
			isa = PBXFrameworksBuildPhase;
			buildActionMask = 2147483647;
			files = (
				06E90A7433EF6324BF73FB68 /* Pods_Skewy.framework in Frameworks */,
			);
			runOnlyForDeploymentPostprocessing = 0;
		};
		3F80D877292451D40058722E /* Frameworks */ = {
			isa = PBXFrameworksBuildPhase;
			buildActionMask = 2147483647;
			files = (
				BFED6BFE4109A5F75FDB59FE /* Pods_SkewyTests.framework in Frameworks */,
			);
			runOnlyForDeploymentPostprocessing = 0;
		};
		3F80D881292451D40058722E /* Frameworks */ = {
			isa = PBXFrameworksBuildPhase;
			buildActionMask = 2147483647;
			files = (
				739DB4FD528ABC51C14E678F /* Pods_Skewy_SkewyUITests.framework in Frameworks */,
			);
			runOnlyForDeploymentPostprocessing = 0;
		};
/* End PBXFrameworksBuildPhase section */

/* Begin PBXGroup section */
		11AF4CB4ACDF8D6E8A71462D /* Pods */ = {
			isa = PBXGroup;
			children = (
				92F2CC375CD8ED8CDF73432F /* Pods-Skewy.debug.xcconfig */,
				BDE3989191C2CCB23F31EEDC /* Pods-Skewy.release.xcconfig */,
				5E4375EDFCFC968F694F8215 /* Pods-Skewy-SkewyUITests.debug.xcconfig */,
				779E68FD03C8A21C1BE71C2C /* Pods-Skewy-SkewyUITests.release.xcconfig */,
				B96BD453D34532993C346BB3 /* Pods-SkewyTests.debug.xcconfig */,
				61D055AC47DAB51895AAD1A2 /* Pods-SkewyTests.release.xcconfig */,
			);
			path = Pods;
			sourceTree = "<group>";
		};
		3F80D85B292451D20058722E = {
			isa = PBXGroup;
			children = (
				3F80D866292451D20058722E /* Skewy */,
				3F80D87D292451D40058722E /* SkewyTests */,
				3F80D887292451D40058722E /* SkewyUITests */,
				3F80D865292451D20058722E /* Products */,
				11AF4CB4ACDF8D6E8A71462D /* Pods */,
				D855440A890EEC9F2A4C0290 /* Frameworks */,
			);
			sourceTree = "<group>";
		};
		3F80D865292451D20058722E /* Products */ = {
			isa = PBXGroup;
			children = (
				3F80D864292451D20058722E /* Skewy.app */,
				3F80D87A292451D40058722E /* SkewyTests.xctest */,
				3F80D884292451D40058722E /* SkewyUITests.xctest */,
			);
			name = Products;
			sourceTree = "<group>";
		};
		3F80D866292451D20058722E /* Skewy */ = {
			isa = PBXGroup;
			children = (
				3F80D867292451D20058722E /* AppDelegate.swift */,
				3F80D869292451D20058722E /* SceneDelegate.swift */,
				3F80D86B292451D20058722E /* ViewController.swift */,
				3F80D86D292451D20058722E /* Main.storyboard */,
				3F80D870292451D40058722E /* Assets.xcassets */,
				3F80D872292451D40058722E /* LaunchScreen.storyboard */,
				3F80D875292451D40058722E /* Info.plist */,
				3F80D897292461CB0058722E /* LogInViewController.swift */,
			);
			path = Skewy;
			sourceTree = "<group>";
		};
		3F80D87D292451D40058722E /* SkewyTests */ = {
			isa = PBXGroup;
			children = (
				3F80D87E292451D40058722E /* SkewyTests.swift */,
			);
			path = SkewyTests;
			sourceTree = "<group>";
		};
		3F80D887292451D40058722E /* SkewyUITests */ = {
			isa = PBXGroup;
			children = (
				3F80D888292451D40058722E /* SkewyUITests.swift */,
				3F80D88A292451D40058722E /* SkewyUITestsLaunchTests.swift */,
			);
			path = SkewyUITests;
			sourceTree = "<group>";
		};
		D855440A890EEC9F2A4C0290 /* Frameworks */ = {
			isa = PBXGroup;
			children = (
				286A916041F06254CD6FCA4F /* Pods_Skewy.framework */,
				7FE0FB5AEF062D325CDBA01E /* Pods_Skewy_SkewyUITests.framework */,
				348C3A0AEC31E52AFE991877 /* Pods_SkewyTests.framework */,
			);
			name = Frameworks;
			sourceTree = "<group>";
		};
/* End PBXGroup section */

/* Begin PBXNativeTarget section */
		3F80D863292451D20058722E /* Skewy */ = {
			isa = PBXNativeTarget;
			buildConfigurationList = 3F80D88E292451D40058722E /* Build configuration list for PBXNativeTarget "Skewy" */;
			buildPhases = (
				6653152DA450F177CA7FCDFF /* [CP] Check Pods Manifest.lock */,
				3F80D860292451D20058722E /* Sources */,
				3F80D861292451D20058722E /* Frameworks */,
				3F80D862292451D20058722E /* Resources */,
				6D294F62B190B3648C07DFBB /* [CP] Embed Pods Frameworks */,
			);
			buildRules = (
			);
			dependencies = (
			);
			name = Skewy;
			productName = Skewy;
			productReference = 3F80D864292451D20058722E /* Skewy.app */;
			productType = "com.apple.product-type.application";
		};
		3F80D879292451D40058722E /* SkewyTests */ = {
			isa = PBXNativeTarget;
			buildConfigurationList = 3F80D891292451D40058722E /* Build configuration list for PBXNativeTarget "SkewyTests" */;
			buildPhases = (
				19B88B3AC5F23A9F65323C2D /* [CP] Check Pods Manifest.lock */,
				3F80D876292451D40058722E /* Sources */,
				3F80D877292451D40058722E /* Frameworks */,
				3F80D878292451D40058722E /* Resources */,
			);
			buildRules = (
			);
			dependencies = (
				3F80D87C292451D40058722E /* PBXTargetDependency */,
			);
			name = SkewyTests;
			productName = SkewyTests;
			productReference = 3F80D87A292451D40058722E /* SkewyTests.xctest */;
			productType = "com.apple.product-type.bundle.unit-test";
		};
		3F80D883292451D40058722E /* SkewyUITests */ = {
			isa = PBXNativeTarget;
			buildConfigurationList = 3F80D894292451D40058722E /* Build configuration list for PBXNativeTarget "SkewyUITests" */;
			buildPhases = (
				4852792FFCFEEB6737835EC2 /* [CP] Check Pods Manifest.lock */,
				3F80D880292451D40058722E /* Sources */,
				3F80D881292451D40058722E /* Frameworks */,
				3F80D882292451D40058722E /* Resources */,
				F3F99B8364694227008A46CC /* [CP] Embed Pods Frameworks */,
			);
			buildRules = (
			);
			dependencies = (
				3F80D886292451D40058722E /* PBXTargetDependency */,
			);
			name = SkewyUITests;
			productName = SkewyUITests;
			productReference = 3F80D884292451D40058722E /* SkewyUITests.xctest */;
			productType = "com.apple.product-type.bundle.ui-testing";
		};
/* End PBXNativeTarget section */

/* Begin PBXProject section */
		3F80D85C292451D20058722E /* Project object */ = {
			isa = PBXProject;
			attributes = {
				BuildIndependentTargetsInParallel = 1;
				LastSwiftUpdateCheck = 1320;
				LastUpgradeCheck = 1320;
				TargetAttributes = {
					3F80D863292451D20058722E = {
						CreatedOnToolsVersion = 13.2.1;
					};
					3F80D879292451D40058722E = {
						CreatedOnToolsVersion = 13.2.1;
						TestTargetID = 3F80D863292451D20058722E;
					};
					3F80D883292451D40058722E = {
						CreatedOnToolsVersion = 13.2.1;
						TestTargetID = 3F80D863292451D20058722E;
					};
				};
			};
			buildConfigurationList = 3F80D85F292451D20058722E /* Build configuration list for PBXProject "Skewy" */;
			compatibilityVersion = "Xcode 13.0";
			developmentRegion = en;
			hasScannedForEncodings = 0;
			knownRegions = (
				en,
				Base,
			);
			mainGroup = 3F80D85B292451D20058722E;
			productRefGroup = 3F80D865292451D20058722E /* Products */;
			projectDirPath = "";
			projectRoot = "";
			targets = (
				3F80D863292451D20058722E /* Skewy */,
				3F80D879292451D40058722E /* SkewyTests */,
				3F80D883292451D40058722E /* SkewyUITests */,
			);
		};
/* End PBXProject section */

/* Begin PBXResourcesBuildPhase section */
		3F80D862292451D20058722E /* Resources */ = {
			isa = PBXResourcesBuildPhase;
			buildActionMask = 2147483647;
			files = (
				3F80D874292451D40058722E /* LaunchScreen.storyboard in Resources */,
				3F80D871292451D40058722E /* Assets.xcassets in Resources */,
				3F80D86F292451D20058722E /* Main.storyboard in Resources */,
			);
			runOnlyForDeploymentPostprocessing = 0;
		};
		3F80D878292451D40058722E /* Resources */ = {
			isa = PBXResourcesBuildPhase;
			buildActionMask = 2147483647;
			files = (
			);
			runOnlyForDeploymentPostprocessing = 0;
		};
		3F80D882292451D40058722E /* Resources */ = {
			isa = PBXResourcesBuildPhase;
			buildActionMask = 2147483647;
			files = (
			);
			runOnlyForDeploymentPostprocessing = 0;
		};
/* End PBXResourcesBuildPhase section */

/* Begin PBXShellScriptBuildPhase section */
		19B88B3AC5F23A9F65323C2D /* [CP] Check Pods Manifest.lock */ = {
			isa = PBXShellScriptBuildPhase;
			buildActionMask = 2147483647;
			files = (
			);
			inputFileListPaths = (
			);
			inputPaths = (
				"${PODS_PODFILE_DIR_PATH}/Podfile.lock",
				"${PODS_ROOT}/Manifest.lock",
			);
			name = "[CP] Check Pods Manifest.lock";
			outputFileListPaths = (
			);
			outputPaths = (
				"$(DERIVED_FILE_DIR)/Pods-SkewyTests-checkManifestLockResult.txt",
			);
			runOnlyForDeploymentPostprocessing = 0;
			shellPath = /bin/sh;
			shellScript = "diff \"${PODS_PODFILE_DIR_PATH}/Podfile.lock\" \"${PODS_ROOT}/Manifest.lock\" > /dev/null\nif [ $? != 0 ] ; then\n    # print error to STDERR\n    echo \"error: The sandbox is not in sync with the Podfile.lock. Run 'pod install' or update your CocoaPods installation.\" >&2\n    exit 1\nfi\n# This output is used by Xcode 'outputs' to avoid re-running this script phase.\necho \"SUCCESS\" > \"${SCRIPT_OUTPUT_FILE_0}\"\n";
			showEnvVarsInLog = 0;
		};
		4852792FFCFEEB6737835EC2 /* [CP] Check Pods Manifest.lock */ = {
			isa = PBXShellScriptBuildPhase;
			buildActionMask = 2147483647;
			files = (
			);
			inputFileListPaths = (
			);
			inputPaths = (
				"${PODS_PODFILE_DIR_PATH}/Podfile.lock",
				"${PODS_ROOT}/Manifest.lock",
			);
			name = "[CP] Check Pods Manifest.lock";
			outputFileListPaths = (
			);
			outputPaths = (
				"$(DERIVED_FILE_DIR)/Pods-Skewy-SkewyUITests-checkManifestLockResult.txt",
			);
			runOnlyForDeploymentPostprocessing = 0;
			shellPath = /bin/sh;
			shellScript = "diff \"${PODS_PODFILE_DIR_PATH}/Podfile.lock\" \"${PODS_ROOT}/Manifest.lock\" > /dev/null\nif [ $? != 0 ] ; then\n    # print error to STDERR\n    echo \"error: The sandbox is not in sync with the Podfile.lock. Run 'pod install' or update your CocoaPods installation.\" >&2\n    exit 1\nfi\n# This output is used by Xcode 'outputs' to avoid re-running this script phase.\necho \"SUCCESS\" > \"${SCRIPT_OUTPUT_FILE_0}\"\n";
			showEnvVarsInLog = 0;
		};
		6653152DA450F177CA7FCDFF /* [CP] Check Pods Manifest.lock */ = {
			isa = PBXShellScriptBuildPhase;
			buildActionMask = 2147483647;
			files = (
			);
			inputFileListPaths = (
			);
			inputPaths = (
				"${PODS_PODFILE_DIR_PATH}/Podfile.lock",
				"${PODS_ROOT}/Manifest.lock",
			);
			name = "[CP] Check Pods Manifest.lock";
			outputFileListPaths = (
			);
			outputPaths = (
				"$(DERIVED_FILE_DIR)/Pods-Skewy-checkManifestLockResult.txt",
			);
			runOnlyForDeploymentPostprocessing = 0;
			shellPath = /bin/sh;
			shellScript = "diff \"${PODS_PODFILE_DIR_PATH}/Podfile.lock\" \"${PODS_ROOT}/Manifest.lock\" > /dev/null\nif [ $? != 0 ] ; then\n    # print error to STDERR\n    echo \"error: The sandbox is not in sync with the Podfile.lock. Run 'pod install' or update your CocoaPods installation.\" >&2\n    exit 1\nfi\n# This output is used by Xcode 'outputs' to avoid re-running this script phase.\necho \"SUCCESS\" > \"${SCRIPT_OUTPUT_FILE_0}\"\n";
			showEnvVarsInLog = 0;
		};
		6D294F62B190B3648C07DFBB /* [CP] Embed Pods Frameworks */ = {
			isa = PBXShellScriptBuildPhase;
			buildActionMask = 2147483647;
			files = (
			);
			inputFileListPaths = (
				"${PODS_ROOT}/Target Support Files/Pods-Skewy/Pods-Skewy-frameworks-${CONFIGURATION}-input-files.xcfilelist",
			);
			name = "[CP] Embed Pods Frameworks";
			outputFileListPaths = (
				"${PODS_ROOT}/Target Support Files/Pods-Skewy/Pods-Skewy-frameworks-${CONFIGURATION}-output-files.xcfilelist",
			);
			runOnlyForDeploymentPostprocessing = 0;
			shellPath = /bin/sh;
			shellScript = "\"${PODS_ROOT}/Target Support Files/Pods-Skewy/Pods-Skewy-frameworks.sh\"\n";
			showEnvVarsInLog = 0;
		};
		F3F99B8364694227008A46CC /* [CP] Embed Pods Frameworks */ = {
			isa = PBXShellScriptBuildPhase;
			buildActionMask = 2147483647;
			files = (
			);
			inputFileListPaths = (
				"${PODS_ROOT}/Target Support Files/Pods-Skewy-SkewyUITests/Pods-Skewy-SkewyUITests-frameworks-${CONFIGURATION}-input-files.xcfilelist",
			);
			name = "[CP] Embed Pods Frameworks";
			outputFileListPaths = (
				"${PODS_ROOT}/Target Support Files/Pods-Skewy-SkewyUITests/Pods-Skewy-SkewyUITests-frameworks-${CONFIGURATION}-output-files.xcfilelist",
			);
			runOnlyForDeploymentPostprocessing = 0;
			shellPath = /bin/sh;
			shellScript = "\"${PODS_ROOT}/Target Support Files/Pods-Skewy-SkewyUITests/Pods-Skewy-SkewyUITests-frameworks.sh\"\n";
			showEnvVarsInLog = 0;
		};
/* End PBXShellScriptBuildPhase section */

/* Begin PBXSourcesBuildPhase section */
		3F80D860292451D20058722E /* Sources */ = {
			isa = PBXSourcesBuildPhase;
			buildActionMask = 2147483647;
			files = (
				3F80D898292461CB0058722E /* LogInViewController.swift in Sources */,
				3F80D86C292451D20058722E /* ViewController.swift in Sources */,
				3F80D868292451D20058722E /* AppDelegate.swift in Sources */,
				3F80D86A292451D20058722E /* SceneDelegate.swift in Sources */,
			);
			runOnlyForDeploymentPostprocessing = 0;
		};
		3F80D876292451D40058722E /* Sources */ = {
			isa = PBXSourcesBuildPhase;
			buildActionMask = 2147483647;
			files = (
				3F80D87F292451D40058722E /* SkewyTests.swift in Sources */,
			);
			runOnlyForDeploymentPostprocessing = 0;
		};
		3F80D880292451D40058722E /* Sources */ = {
			isa = PBXSourcesBuildPhase;
			buildActionMask = 2147483647;
			files = (
				3F80D88B292451D40058722E /* SkewyUITestsLaunchTests.swift in Sources */,
				3F80D889292451D40058722E /* SkewyUITests.swift in Sources */,
			);
			runOnlyForDeploymentPostprocessing = 0;
		};
/* End PBXSourcesBuildPhase section */

/* Begin PBXTargetDependency section */
		3F80D87C292451D40058722E /* PBXTargetDependency */ = {
			isa = PBXTargetDependency;
			target = 3F80D863292451D20058722E /* Skewy */;
			targetProxy = 3F80D87B292451D40058722E /* PBXContainerItemProxy */;
		};
		3F80D886292451D40058722E /* PBXTargetDependency */ = {
			isa = PBXTargetDependency;
			target = 3F80D863292451D20058722E /* Skewy */;
			targetProxy = 3F80D885292451D40058722E /* PBXContainerItemProxy */;
		};
/* End PBXTargetDependency section */

/* Begin PBXVariantGroup section */
		3F80D86D292451D20058722E /* Main.storyboard */ = {
			isa = PBXVariantGroup;
			children = (
				3F80D86E292451D20058722E /* Base */,
			);
			name = Main.storyboard;
			sourceTree = "<group>";
		};
		3F80D872292451D40058722E /* LaunchScreen.storyboard */ = {
			isa = PBXVariantGroup;
			children = (
				3F80D873292451D40058722E /* Base */,
			);
			name = LaunchScreen.storyboard;
			sourceTree = "<group>";
		};
/* End PBXVariantGroup section */

/* Begin XCBuildConfiguration section */
		3F80D88C292451D40058722E /* Debug */ = {
			isa = XCBuildConfiguration;
			buildSettings = {
				ALWAYS_SEARCH_USER_PATHS = NO;
				CLANG_ANALYZER_NONNULL = YES;
				CLANG_ANALYZER_NUMBER_OBJECT_CONVERSION = YES_AGGRESSIVE;
				CLANG_CXX_LANGUAGE_STANDARD = "gnu++17";
				CLANG_CXX_LIBRARY = "libc++";
				CLANG_ENABLE_MODULES = YES;
				CLANG_ENABLE_OBJC_ARC = YES;
				CLANG_ENABLE_OBJC_WEAK = YES;
				CLANG_WARN_BLOCK_CAPTURE_AUTORELEASING = YES;
				CLANG_WARN_BOOL_CONVERSION = YES;
				CLANG_WARN_COMMA = YES;
				CLANG_WARN_CONSTANT_CONVERSION = YES;
				CLANG_WARN_DEPRECATED_OBJC_IMPLEMENTATIONS = YES;
				CLANG_WARN_DIRECT_OBJC_ISA_USAGE = YES_ERROR;
				CLANG_WARN_DOCUMENTATION_COMMENTS = YES;
				CLANG_WARN_EMPTY_BODY = YES;
				CLANG_WARN_ENUM_CONVERSION = YES;
				CLANG_WARN_INFINITE_RECURSION = YES;
				CLANG_WARN_INT_CONVERSION = YES;
				CLANG_WARN_NON_LITERAL_NULL_CONVERSION = YES;
				CLANG_WARN_OBJC_IMPLICIT_RETAIN_SELF = YES;
				CLANG_WARN_OBJC_LITERAL_CONVERSION = YES;
				CLANG_WARN_OBJC_ROOT_CLASS = YES_ERROR;
				CLANG_WARN_QUOTED_INCLUDE_IN_FRAMEWORK_HEADER = YES;
				CLANG_WARN_RANGE_LOOP_ANALYSIS = YES;
				CLANG_WARN_STRICT_PROTOTYPES = YES;
				CLANG_WARN_SUSPICIOUS_MOVE = YES;
				CLANG_WARN_UNGUARDED_AVAILABILITY = YES_AGGRESSIVE;
				CLANG_WARN_UNREACHABLE_CODE = YES;
				CLANG_WARN__DUPLICATE_METHOD_MATCH = YES;
				COPY_PHASE_STRIP = NO;
				DEBUG_INFORMATION_FORMAT = dwarf;
				ENABLE_STRICT_OBJC_MSGSEND = YES;
				ENABLE_TESTABILITY = YES;
				GCC_C_LANGUAGE_STANDARD = gnu11;
				GCC_DYNAMIC_NO_PIC = NO;
				GCC_NO_COMMON_BLOCKS = YES;
				GCC_OPTIMIZATION_LEVEL = 0;
				GCC_PREPROCESSOR_DEFINITIONS = (
					"DEBUG=1",
					"$(inherited)",
				);
				GCC_WARN_64_TO_32_BIT_CONVERSION = YES;
				GCC_WARN_ABOUT_RETURN_TYPE = YES_ERROR;
				GCC_WARN_UNDECLARED_SELECTOR = YES;
				GCC_WARN_UNINITIALIZED_AUTOS = YES_AGGRESSIVE;
				GCC_WARN_UNUSED_FUNCTION = YES;
				GCC_WARN_UNUSED_VARIABLE = YES;
				IPHONEOS_DEPLOYMENT_TARGET = 15.2;
				MTL_ENABLE_DEBUG_INFO = INCLUDE_SOURCE;
				MTL_FAST_MATH = YES;
				ONLY_ACTIVE_ARCH = YES;
				SDKROOT = iphoneos;
				SWIFT_ACTIVE_COMPILATION_CONDITIONS = DEBUG;
				SWIFT_OPTIMIZATION_LEVEL = "-Onone";
			};
			name = Debug;
		};
		3F80D88D292451D40058722E /* Release */ = {
			isa = XCBuildConfiguration;
			buildSettings = {
				ALWAYS_SEARCH_USER_PATHS = NO;
				CLANG_ANALYZER_NONNULL = YES;
				CLANG_ANALYZER_NUMBER_OBJECT_CONVERSION = YES_AGGRESSIVE;
				CLANG_CXX_LANGUAGE_STANDARD = "gnu++17";
				CLANG_CXX_LIBRARY = "libc++";
				CLANG_ENABLE_MODULES = YES;
				CLANG_ENABLE_OBJC_ARC = YES;
				CLANG_ENABLE_OBJC_WEAK = YES;
				CLANG_WARN_BLOCK_CAPTURE_AUTORELEASING = YES;
				CLANG_WARN_BOOL_CONVERSION = YES;
				CLANG_WARN_COMMA = YES;
				CLANG_WARN_CONSTANT_CONVERSION = YES;
				CLANG_WARN_DEPRECATED_OBJC_IMPLEMENTATIONS = YES;
				CLANG_WARN_DIRECT_OBJC_ISA_USAGE = YES_ERROR;
				CLANG_WARN_DOCUMENTATION_COMMENTS = YES;
				CLANG_WARN_EMPTY_BODY = YES;
				CLANG_WARN_ENUM_CONVERSION = YES;
				CLANG_WARN_INFINITE_RECURSION = YES;
				CLANG_WARN_INT_CONVERSION = YES;
				CLANG_WARN_NON_LITERAL_NULL_CONVERSION = YES;
				CLANG_WARN_OBJC_IMPLICIT_RETAIN_SELF = YES;
				CLANG_WARN_OBJC_LITERAL_CONVERSION = YES;
				CLANG_WARN_OBJC_ROOT_CLASS = YES_ERROR;
				CLANG_WARN_QUOTED_INCLUDE_IN_FRAMEWORK_HEADER = YES;
				CLANG_WARN_RANGE_LOOP_ANALYSIS = YES;
				CLANG_WARN_STRICT_PROTOTYPES = YES;
				CLANG_WARN_SUSPICIOUS_MOVE = YES;
				CLANG_WARN_UNGUARDED_AVAILABILITY = YES_AGGRESSIVE;
				CLANG_WARN_UNREACHABLE_CODE = YES;
				CLANG_WARN__DUPLICATE_METHOD_MATCH = YES;
				COPY_PHASE_STRIP = NO;
				DEBUG_INFORMATION_FORMAT = "dwarf-with-dsym";
				ENABLE_NS_ASSERTIONS = NO;
				ENABLE_STRICT_OBJC_MSGSEND = YES;
				GCC_C_LANGUAGE_STANDARD = gnu11;
				GCC_NO_COMMON_BLOCKS = YES;
				GCC_WARN_64_TO_32_BIT_CONVERSION = YES;
				GCC_WARN_ABOUT_RETURN_TYPE = YES_ERROR;
				GCC_WARN_UNDECLARED_SELECTOR = YES;
				GCC_WARN_UNINITIALIZED_AUTOS = YES_AGGRESSIVE;
				GCC_WARN_UNUSED_FUNCTION = YES;
				GCC_WARN_UNUSED_VARIABLE = YES;
				IPHONEOS_DEPLOYMENT_TARGET = 15.2;
				MTL_ENABLE_DEBUG_INFO = NO;
				MTL_FAST_MATH = YES;
				SDKROOT = iphoneos;
				SWIFT_COMPILATION_MODE = wholemodule;
				SWIFT_OPTIMIZATION_LEVEL = "-O";
				VALIDATE_PRODUCT = YES;
			};
			name = Release;
		};
		3F80D88F292451D40058722E /* Debug */ = {
			isa = XCBuildConfiguration;
			baseConfigurationReference = 92F2CC375CD8ED8CDF73432F /* Pods-Skewy.debug.xcconfig */;
			buildSettings = {
				ASSETCATALOG_COMPILER_APPICON_NAME = AppIcon;
				ASSETCATALOG_COMPILER_GLOBAL_ACCENT_COLOR_NAME = AccentColor;
				CODE_SIGN_STYLE = Automatic;
				CURRENT_PROJECT_VERSION = 1;
				DEVELOPMENT_TEAM = K4M75CB982;
				GENERATE_INFOPLIST_FILE = YES;
				INFOPLIST_FILE = Skewy/Info.plist;
				INFOPLIST_KEY_UIApplicationSupportsIndirectInputEvents = YES;
				INFOPLIST_KEY_UILaunchStoryboardName = LaunchScreen;
				INFOPLIST_KEY_UIMainStoryboardFile = Main;
				INFOPLIST_KEY_UISupportedInterfaceOrientations_iPad = "UIInterfaceOrientationPortrait UIInterfaceOrientationPortraitUpsideDown UIInterfaceOrientationLandscapeLeft UIInterfaceOrientationLandscapeRight";
				INFOPLIST_KEY_UISupportedInterfaceOrientations_iPhone = "UIInterfaceOrientationPortrait UIInterfaceOrientationLandscapeLeft UIInterfaceOrientationLandscapeRight";
				LD_RUNPATH_SEARCH_PATHS = (
					"$(inherited)",
					"@executable_path/Frameworks",
				);
				MARKETING_VERSION = 1.0;
				PRODUCT_BUNDLE_IDENTIFIER = com.darwish.md0.Skewy;
				PRODUCT_NAME = "$(TARGET_NAME)";
				SWIFT_EMIT_LOC_STRINGS = YES;
				SWIFT_VERSION = 5.0;
				TARGETED_DEVICE_FAMILY = "1,2";
			};
			name = Debug;
		};
		3F80D890292451D40058722E /* Release */ = {
			isa = XCBuildConfiguration;
			baseConfigurationReference = BDE3989191C2CCB23F31EEDC /* Pods-Skewy.release.xcconfig */;
			buildSettings = {
				ASSETCATALOG_COMPILER_APPICON_NAME = AppIcon;
				ASSETCATALOG_COMPILER_GLOBAL_ACCENT_COLOR_NAME = AccentColor;
				CODE_SIGN_STYLE = Automatic;
				CURRENT_PROJECT_VERSION = 1;
				DEVELOPMENT_TEAM = K4M75CB982;
				GENERATE_INFOPLIST_FILE = YES;
				INFOPLIST_FILE = Skewy/Info.plist;
				INFOPLIST_KEY_UIApplicationSupportsIndirectInputEvents = YES;
				INFOPLIST_KEY_UILaunchStoryboardName = LaunchScreen;
				INFOPLIST_KEY_UIMainStoryboardFile = Main;
				INFOPLIST_KEY_UISupportedInterfaceOrientations_iPad = "UIInterfaceOrientationPortrait UIInterfaceOrientationPortraitUpsideDown UIInterfaceOrientationLandscapeLeft UIInterfaceOrientationLandscapeRight";
				INFOPLIST_KEY_UISupportedInterfaceOrientations_iPhone = "UIInterfaceOrientationPortrait UIInterfaceOrientationLandscapeLeft UIInterfaceOrientationLandscapeRight";
				LD_RUNPATH_SEARCH_PATHS = (
					"$(inherited)",
					"@executable_path/Frameworks",
				);
				MARKETING_VERSION = 1.0;
				PRODUCT_BUNDLE_IDENTIFIER = com.darwish.md0.Skewy;
				PRODUCT_NAME = "$(TARGET_NAME)";
				SWIFT_EMIT_LOC_STRINGS = YES;
				SWIFT_VERSION = 5.0;
				TARGETED_DEVICE_FAMILY = "1,2";
			};
			name = Release;
		};
		3F80D892292451D40058722E /* Debug */ = {
			isa = XCBuildConfiguration;
			baseConfigurationReference = B96BD453D34532993C346BB3 /* Pods-SkewyTests.debug.xcconfig */;
			buildSettings = {
				ALWAYS_EMBED_SWIFT_STANDARD_LIBRARIES = YES;
				BUNDLE_LOADER = "$(TEST_HOST)";
				CODE_SIGN_STYLE = Automatic;
				CURRENT_PROJECT_VERSION = 1;
				DEVELOPMENT_TEAM = K4M75CB982;
				GENERATE_INFOPLIST_FILE = YES;
				IPHONEOS_DEPLOYMENT_TARGET = 15.2;
				MARKETING_VERSION = 1.0;
				PRODUCT_BUNDLE_IDENTIFIER = com.darwish.md0.SkewyTests;
				PRODUCT_NAME = "$(TARGET_NAME)";
				SWIFT_EMIT_LOC_STRINGS = NO;
				SWIFT_VERSION = 5.0;
				TARGETED_DEVICE_FAMILY = "1,2";
				TEST_HOST = "$(BUILT_PRODUCTS_DIR)/Skewy.app/Skewy";
			};
			name = Debug;
		};
		3F80D893292451D40058722E /* Release */ = {
			isa = XCBuildConfiguration;
			baseConfigurationReference = 61D055AC47DAB51895AAD1A2 /* Pods-SkewyTests.release.xcconfig */;
			buildSettings = {
				ALWAYS_EMBED_SWIFT_STANDARD_LIBRARIES = YES;
				BUNDLE_LOADER = "$(TEST_HOST)";
				CODE_SIGN_STYLE = Automatic;
				CURRENT_PROJECT_VERSION = 1;
				DEVELOPMENT_TEAM = K4M75CB982;
				GENERATE_INFOPLIST_FILE = YES;
				IPHONEOS_DEPLOYMENT_TARGET = 15.2;
				MARKETING_VERSION = 1.0;
				PRODUCT_BUNDLE_IDENTIFIER = com.darwish.md0.SkewyTests;
				PRODUCT_NAME = "$(TARGET_NAME)";
				SWIFT_EMIT_LOC_STRINGS = NO;
				SWIFT_VERSION = 5.0;
				TARGETED_DEVICE_FAMILY = "1,2";
				TEST_HOST = "$(BUILT_PRODUCTS_DIR)/Skewy.app/Skewy";
			};
			name = Release;
		};
		3F80D895292451D40058722E /* Debug */ = {
			isa = XCBuildConfiguration;
			baseConfigurationReference = 5E4375EDFCFC968F694F8215 /* Pods-Skewy-SkewyUITests.debug.xcconfig */;
			buildSettings = {
				ALWAYS_EMBED_SWIFT_STANDARD_LIBRARIES = YES;
				CODE_SIGN_STYLE = Automatic;
				CURRENT_PROJECT_VERSION = 1;
				DEVELOPMENT_TEAM = K4M75CB982;
				GENERATE_INFOPLIST_FILE = YES;
				MARKETING_VERSION = 1.0;
				PRODUCT_BUNDLE_IDENTIFIER = com.darwish.md0.SkewyUITests;
				PRODUCT_NAME = "$(TARGET_NAME)";
				SWIFT_EMIT_LOC_STRINGS = NO;
				SWIFT_VERSION = 5.0;
				TARGETED_DEVICE_FAMILY = "1,2";
				TEST_TARGET_NAME = Skewy;
			};
			name = Debug;
		};
		3F80D896292451D40058722E /* Release */ = {
			isa = XCBuildConfiguration;
			baseConfigurationReference = 779E68FD03C8A21C1BE71C2C /* Pods-Skewy-SkewyUITests.release.xcconfig */;
			buildSettings = {
				ALWAYS_EMBED_SWIFT_STANDARD_LIBRARIES = YES;
				CODE_SIGN_STYLE = Automatic;
				CURRENT_PROJECT_VERSION = 1;
				DEVELOPMENT_TEAM = K4M75CB982;
				GENERATE_INFOPLIST_FILE = YES;
				MARKETING_VERSION = 1.0;
				PRODUCT_BUNDLE_IDENTIFIER = com.darwish.md0.SkewyUITests;
				PRODUCT_NAME = "$(TARGET_NAME)";
				SWIFT_EMIT_LOC_STRINGS = NO;
				SWIFT_VERSION = 5.0;
				TARGETED_DEVICE_FAMILY = "1,2";
				TEST_TARGET_NAME = Skewy;
			};
			name = Release;
		};
/* End XCBuildConfiguration section */

/* Begin XCConfigurationList section */
		3F80D85F292451D20058722E /* Build configuration list for PBXProject "Skewy" */ = {
			isa = XCConfigurationList;
			buildConfigurations = (
				3F80D88C292451D40058722E /* Debug */,
				3F80D88D292451D40058722E /* Release */,
			);
			defaultConfigurationIsVisible = 0;
			defaultConfigurationName = Release;
		};
		3F80D88E292451D40058722E /* Build configuration list for PBXNativeTarget "Skewy" */ = {
			isa = XCConfigurationList;
			buildConfigurations = (
				3F80D88F292451D40058722E /* Debug */,
				3F80D890292451D40058722E /* Release */,
			);
			defaultConfigurationIsVisible = 0;
			defaultConfigurationName = Release;
		};
		3F80D891292451D40058722E /* Build configuration list for PBXNativeTarget "SkewyTests" */ = {
			isa = XCConfigurationList;
			buildConfigurations = (
				3F80D892292451D40058722E /* Debug */,
				3F80D893292451D40058722E /* Release */,
			);
			defaultConfigurationIsVisible = 0;
			defaultConfigurationName = Release;
		};
		3F80D894292451D40058722E /* Build configuration list for PBXNativeTarget "SkewyUITests" */ = {
			isa = XCConfigurationList;
			buildConfigurations = (
				3F80D895292451D40058722E /* Debug */,
				3F80D896292451D40058722E /* Release */,
			);
			defaultConfigurationIsVisible = 0;
			defaultConfigurationName = Release;
		};
/* End XCConfigurationList section */
	};
	rootObject = 3F80D85C292451D20058722E /* Project object */;
}
